
Microsoft Visual Studio Solution File, Format Version 12.00
# Visual Studio Version 17
VisualStudioVersion = 17.10.35013.160
MinimumVisualStudioVersion = 10.0.40219.1
Project("{9A19103F-16F7-4668-BE54-9A1E7A4F7556}") = "SocialNetwork", "SocialNetwork.csproj", "{CAEAF273-CCD3-4890-A1B7-CF617DF93F28}"
EndProject
Project("{FAE04EC0-301F-11D3-BF4B-00C04F79EFBC}") = "SocialNetwork.Tests", "..\SocialNetwork.Tests\SocialNetwork.Tests.csproj", "{74872C1A-780F-46B3-883A-7DB3B1184CA4}"
EndProject
Global
	GlobalSection(SolutionConfigurationPlatforms) = preSolution
		Debug|Any CPU = Debug|Any CPU
		Release|Any CPU = Release|Any CPU
	EndGlobalSection
	GlobalSection(ProjectConfigurationPlatforms) = postSolution
		{CAEAF273-CCD3-4890-A1B7-CF617DF93F28}.Debug|Any CPU.ActiveCfg = Debug|Any CPU
		{CAEAF273-CCD3-4890-A1B7-CF617DF93F28}.Debug|Any CPU.Build.0 = Debug|Any CPU
		{CAEAF273-CCD3-4890-A1B7-CF617DF93F28}.Release|Any CPU.ActiveCfg = Release|Any CPU
		{CAEAF273-CCD3-4890-A1B7-CF617DF93F28}.Release|Any CPU.Build.0 = Release|Any CPU
		{74872C1A-780F-46B3-883A-7DB3B1184CA4}.Debug|Any CPU.ActiveCfg = Debug|Any CPU
		{74872C1A-780F-46B3-883A-7DB3B1184CA4}.Debug|Any CPU.Build.0 = Debug|Any CPU
		{74872C1A-780F-46B3-883A-7DB3B1184CA4}.Release|Any CPU.ActiveCfg = Release|Any CPU
		{74872C1A-780F-46B3-883A-7DB3B1184CA4}.Release|Any CPU.Build.0 = Release|Any CPU
	EndGlobalSection
	GlobalSection(SolutionProperties) = preSolution
		HideSolutionNode = FALSE
	EndGlobalSection
	GlobalSection(ExtensibilityGlobals) = postSolution
		SolutionGuid = {2F6D2134-CDF7-48C4-B7D2-32825585D433}
	EndGlobalSection
EndGlobal
